// !$*UTF8*$!
{
	archiveVersion = 1;
	classes = {
	};
	objectVersion = 56;
	objects = {

/* Begin PBXBuildFile section */
		F46C787328FC1B3400D60BA7 /* Olivia_WilsonApp.swift in Sources */ = {isa = PBXBuildFile; fileRef = F46C787228FC1B3400D60BA7 /* Olivia_WilsonApp.swift */; };
		F46C787528FC1B3400D60BA7 /* ContentView.swift in Sources */ = {isa = PBXBuildFile; fileRef = F46C787428FC1B3400D60BA7 /* ContentView.swift */; };
		F46C787728FC1B3500D60BA7 /* Assets.xcassets in Resources */ = {isa = PBXBuildFile; fileRef = F46C787628FC1B3500D60BA7 /* Assets.xcassets */; };
		F46C787A28FC1B3500D60BA7 /* Preview Assets.xcassets in Resources */ = {isa = PBXBuildFile; fileRef = F46C787928FC1B3500D60BA7 /* Preview Assets.xcassets */; };
		F46C788328FC2DDE00D60BA7 /* Colors.xcassets in Resources */ = {isa = PBXBuildFile; fileRef = F46C788228FC2DDE00D60BA7 /* Colors.xcassets */; };
		F46C788528FC2DF000D60BA7 /* Images.xcassets in Resources */ = {isa = PBXBuildFile; fileRef = F46C788428FC2DF000D60BA7 /* Images.xcassets */; };
		F46C788B28FC307300D60BA7 /* WelcomeView.swift in Sources */ = {isa = PBXBuildFile; fileRef = F46C788A28FC307300D60BA7 /* WelcomeView.swift */; };
		F46C788F28FC314700D60BA7 /* Images.swift in Sources */ = {isa = PBXBuildFile; fileRef = F46C788E28FC314700D60BA7 /* Images.swift */; };
		F46C789228FC36F700D60BA7 /* Colors.swift in Sources */ = {isa = PBXBuildFile; fileRef = F46C789128FC36F700D60BA7 /* Colors.swift */; };
		F46C789428FC382900D60BA7 /* Icons.swift in Sources */ = {isa = PBXBuildFile; fileRef = F46C789328FC382900D60BA7 /* Icons.swift */; };
		F46C789A28FC413600D60BA7 /* EdgeInsets.swift in Sources */ = {isa = PBXBuildFile; fileRef = F46C789928FC413600D60BA7 /* EdgeInsets.swift */; };
		F46C789C28FC454700D60BA7 /* SignInButton.swift in Sources */ = {isa = PBXBuildFile; fileRef = F46C789B28FC454700D60BA7 /* SignInButton.swift */; };
		F46C789E28FC470400D60BA7 /* SingUpButton.swift in Sources */ = {isa = PBXBuildFile; fileRef = F46C789D28FC470400D60BA7 /* SingUpButton.swift */; };
/* End PBXBuildFile section */

/* Begin PBXFileReference section */
		F46C786F28FC1B3400D60BA7 /* Olivia Wilson.app */ = {isa = PBXFileReference; explicitFileType = wrapper.application; includeInIndex = 0; path = "Olivia Wilson.app"; sourceTree = BUILT_PRODUCTS_DIR; };
		F46C787228FC1B3400D60BA7 /* Olivia_WilsonApp.swift */ = {isa = PBXFileReference; lastKnownFileType = sourcecode.swift; path = Olivia_WilsonApp.swift; sourceTree = "<group>"; };
		F46C787428FC1B3400D60BA7 /* ContentView.swift */ = {isa = PBXFileReference; lastKnownFileType = sourcecode.swift; path = ContentView.swift; sourceTree = "<group>"; };
		F46C787628FC1B3500D60BA7 /* Assets.xcassets */ = {isa = PBXFileReference; lastKnownFileType = folder.assetcatalog; path = Assets.xcassets; sourceTree = "<group>"; };
		F46C787928FC1B3500D60BA7 /* Preview Assets.xcassets */ = {isa = PBXFileReference; lastKnownFileType = folder.assetcatalog; path = "Preview Assets.xcassets"; sourceTree = "<group>"; };
		F46C788228FC2DDE00D60BA7 /* Colors.xcassets */ = {isa = PBXFileReference; lastKnownFileType = folder.assetcatalog; path = Colors.xcassets; sourceTree = "<group>"; };
		F46C788428FC2DF000D60BA7 /* Images.xcassets */ = {isa = PBXFileReference; lastKnownFileType = folder.assetcatalog; path = Images.xcassets; sourceTree = "<group>"; };
		F46C788A28FC307300D60BA7 /* WelcomeView.swift */ = {isa = PBXFileReference; lastKnownFileType = sourcecode.swift; path = WelcomeView.swift; sourceTree = "<group>"; };
		F46C788E28FC314700D60BA7 /* Images.swift */ = {isa = PBXFileReference; lastKnownFileType = sourcecode.swift; path = Images.swift; sourceTree = "<group>"; };
		F46C789128FC36F700D60BA7 /* Colors.swift */ = {isa = PBXFileReference; lastKnownFileType = sourcecode.swift; path = Colors.swift; sourceTree = "<group>"; };
		F46C789328FC382900D60BA7 /* Icons.swift */ = {isa = PBXFileReference; lastKnownFileType = sourcecode.swift; path = Icons.swift; sourceTree = "<group>"; };
		F46C789928FC413600D60BA7 /* EdgeInsets.swift */ = {isa = PBXFileReference; lastKnownFileType = sourcecode.swift; path = EdgeInsets.swift; sourceTree = "<group>"; };
		F46C789B28FC454700D60BA7 /* SignInButton.swift */ = {isa = PBXFileReference; lastKnownFileType = sourcecode.swift; path = SignInButton.swift; sourceTree = "<group>"; };
		F46C789D28FC470400D60BA7 /* SingUpButton.swift */ = {isa = PBXFileReference; lastKnownFileType = sourcecode.swift; path = SingUpButton.swift; sourceTree = "<group>"; };
/* End PBXFileReference section */

/* Begin PBXFrameworksBuildPhase section */
		F46C786C28FC1B3400D60BA7 /* Frameworks */ = {
			isa = PBXFrameworksBuildPhase;
			buildActionMask = 2147483647;
			files = (
			);
			runOnlyForDeploymentPostprocessing = 0;
		};
/* End PBXFrameworksBuildPhase section */

/* Begin PBXGroup section */
		F46C786628FC1B3400D60BA7 = {
			isa = PBXGroup;
			children = (
				F46C787128FC1B3400D60BA7 /* Olivia Wilson */,
				F46C787028FC1B3400D60BA7 /* Products */,
			);
			sourceTree = "<group>";
		};
		F46C787028FC1B3400D60BA7 /* Products */ = {
			isa = PBXGroup;
			children = (
				F46C786F28FC1B3400D60BA7 /* Olivia Wilson.app */,
			);
			name = Products;
			sourceTree = "<group>";
		};
		F46C787128FC1B3400D60BA7 /* Olivia Wilson */ = {
			isa = PBXGroup;
			children = (
				F46C788C28FC311700D60BA7 /* Utils */,
				F46C788728FC2E0800D60BA7 /* Feature */,
				F46C788628FC2DFF00D60BA7 /* Product */,
				F46C787428FC1B3400D60BA7 /* ContentView.swift */,
				F46C787228FC1B3400D60BA7 /* Olivia_WilsonApp.swift */,
				F46C788028FC2D4E00D60BA7 /* Resources */,
				F46C787828FC1B3500D60BA7 /* Preview Content */,
			);
			path = "Olivia Wilson";
			sourceTree = "<group>";
		};
		F46C787828FC1B3500D60BA7 /* Preview Content */ = {
			isa = PBXGroup;
			children = (
				F46C787928FC1B3500D60BA7 /* Preview Assets.xcassets */,
			);
			path = "Preview Content";
			sourceTree = "<group>";
		};
		F46C788028FC2D4E00D60BA7 /* Resources */ = {
			isa = PBXGroup;
			children = (
				F46C788128FC2DC800D60BA7 /* Assets */,
			);
			path = Resources;
			sourceTree = "<group>";
		};
		F46C788128FC2DC800D60BA7 /* Assets */ = {
			isa = PBXGroup;
			children = (
				F46C787628FC1B3500D60BA7 /* Assets.xcassets */,
				F46C788228FC2DDE00D60BA7 /* Colors.xcassets */,
				F46C788428FC2DF000D60BA7 /* Images.xcassets */,
			);
			path = Assets;
			sourceTree = "<group>";
		};
		F46C788628FC2DFF00D60BA7 /* Product */ = {
			isa = PBXGroup;
			children = (
				F46C789528FC406E00D60BA7 /* Widget */,
			);
			path = Product;
			sourceTree = "<group>";
		};
		F46C788728FC2E0800D60BA7 /* Feature */ = {
			isa = PBXGroup;
			children = (
				F46C788828FC304C00D60BA7 /* Authencitication */,
			);
			path = Feature;
			sourceTree = "<group>";
		};
		F46C788828FC304C00D60BA7 /* Authencitication */ = {
			isa = PBXGroup;
			children = (
				F46C788928FC305D00D60BA7 /* Welcome */,
			);
			path = Authencitication;
			sourceTree = "<group>";
		};
		F46C788928FC305D00D60BA7 /* Welcome */ = {
			isa = PBXGroup;
			children = (
				F46C788A28FC307300D60BA7 /* WelcomeView.swift */,
			);
			path = Welcome;
			sourceTree = "<group>";
		};
		F46C788C28FC311700D60BA7 /* Utils */ = {
			isa = PBXGroup;
			children = (
				F46C789028FC36CC00D60BA7 /* Extensions */,
				F46C788D28FC312500D60BA7 /* Enums */,
			);
			path = Utils;
			sourceTree = "<group>";
		};
		F46C788D28FC312500D60BA7 /* Enums */ = {
			isa = PBXGroup;
			children = (
				F46C788E28FC314700D60BA7 /* Images.swift */,
				F46C789328FC382900D60BA7 /* Icons.swift */,
			);
			path = Enums;
			sourceTree = "<group>";
		};
		F46C789028FC36CC00D60BA7 /* Extensions */ = {
			isa = PBXGroup;
			children = (
				F46C789128FC36F700D60BA7 /* Colors.swift */,
				F46C789928FC413600D60BA7 /* EdgeInsets.swift */,
			);
			path = Extensions;
			sourceTree = "<group>";
		};
		F46C789528FC406E00D60BA7 /* Widget */ = {
			isa = PBXGroup;
			children = (
				F46C789628FC407700D60BA7 /* Button */,
			);
			path = Widget;
			sourceTree = "<group>";
		};
		F46C789628FC407700D60BA7 /* Button */ = {
			isa = PBXGroup;
			children = (
				F46C789B28FC454700D60BA7 /* SignInButton.swift */,
				F46C789D28FC470400D60BA7 /* SingUpButton.swift */,
			);
			path = Button;
			sourceTree = "<group>";
		};
/* End PBXGroup section */

/* Begin PBXNativeTarget section */
		F46C786E28FC1B3400D60BA7 /* Olivia Wilson */ = {
			isa = PBXNativeTarget;
			buildConfigurationList = F46C787D28FC1B3500D60BA7 /* Build configuration list for PBXNativeTarget "Olivia Wilson" */;
			buildPhases = (
				F46C786B28FC1B3400D60BA7 /* Sources */,
				F46C786C28FC1B3400D60BA7 /* Frameworks */,
				F46C786D28FC1B3400D60BA7 /* Resources */,
			);
			buildRules = (
			);
			dependencies = (
			);
			name = "Olivia Wilson";
			productName = "Olivia Wilson";
			productReference = F46C786F28FC1B3400D60BA7 /* Olivia Wilson.app */;
			productType = "com.apple.product-type.application";
		};
/* End PBXNativeTarget section */

/* Begin PBXProject section */
		F46C786728FC1B3400D60BA7 /* Project object */ = {
			isa = PBXProject;
			attributes = {
				BuildIndependentTargetsInParallel = 1;
				LastSwiftUpdateCheck = 1400;
				LastUpgradeCheck = 1400;
				TargetAttributes = {
					F46C786E28FC1B3400D60BA7 = {
						CreatedOnToolsVersion = 14.0.1;
					};
				};
			};
			buildConfigurationList = F46C786A28FC1B3400D60BA7 /* Build configuration list for PBXProject "Olivia Wilson" */;
			compatibilityVersion = "Xcode 14.0";
			developmentRegion = en;
			hasScannedForEncodings = 0;
			knownRegions = (
				en,
				Base,
			);
			mainGroup = F46C786628FC1B3400D60BA7;
			productRefGroup = F46C787028FC1B3400D60BA7 /* Products */;
			projectDirPath = "";
			projectRoot = "";
			targets = (
				F46C786E28FC1B3400D60BA7 /* Olivia Wilson */,
			);
		};
/* End PBXProject section */

/* Begin PBXResourcesBuildPhase section */
		F46C786D28FC1B3400D60BA7 /* Resources */ = {
			isa = PBXResourcesBuildPhase;
			buildActionMask = 2147483647;
			files = (
				F46C788328FC2DDE00D60BA7 /* Colors.xcassets in Resources */,
				F46C788528FC2DF000D60BA7 /* Images.xcassets in Resources */,
				F46C787A28FC1B3500D60BA7 /* Preview Assets.xcassets in Resources */,
				F46C787728FC1B3500D60BA7 /* Assets.xcassets in Resources */,
			);
			runOnlyForDeploymentPostprocessing = 0;
		};
/* End PBXResourcesBuildPhase section */

/* Begin PBXSourcesBuildPhase section */
		F46C786B28FC1B3400D60BA7 /* Sources */ = {
			isa = PBXSourcesBuildPhase;
			buildActionMask = 2147483647;
			files = (
				F46C789E28FC470400D60BA7 /* SingUpButton.swift in Sources */,
				F46C787528FC1B3400D60BA7 /* ContentView.swift in Sources */,
				F46C789C28FC454700D60BA7 /* SignInButton.swift in Sources */,
				F46C789228FC36F700D60BA7 /* Colors.swift in Sources */,
				F46C789428FC382900D60BA7 /* Icons.swift in Sources */,
				F46C788F28FC314700D60BA7 /* Images.swift in Sources */,
				F46C788B28FC307300D60BA7 /* WelcomeView.swift in Sources */,
				F46C789A28FC413600D60BA7 /* EdgeInsets.swift in Sources */,
				F46C787328FC1B3400D60BA7 /* Olivia_WilsonApp.swift in Sources */,
			);
			runOnlyForDeploymentPostprocessing = 0;
		};
/* End PBXSourcesBuildPhase section */

/* Begin XCBuildConfiguration section */
		F46C787B28FC1B3500D60BA7 /* Debug */ = {
			isa = XCBuildConfiguration;
			buildSettings = {
				ALWAYS_SEARCH_USER_PATHS = NO;
				CLANG_ANALYZER_NONNULL = YES;
				CLANG_ANALYZER_NUMBER_OBJECT_CONVERSION = YES_AGGRESSIVE;
				CLANG_CXX_LANGUAGE_STANDARD = "gnu++20";
				CLANG_ENABLE_MODULES = YES;
				CLANG_ENABLE_OBJC_ARC = YES;
				CLANG_ENABLE_OBJC_WEAK = YES;
				CLANG_WARN_BLOCK_CAPTURE_AUTORELEASING = YES;
				CLANG_WARN_BOOL_CONVERSION = YES;
				CLANG_WARN_COMMA = YES;
				CLANG_WARN_CONSTANT_CONVERSION = YES;
				CLANG_WARN_DEPRECATED_OBJC_IMPLEMENTATIONS = YES;
				CLANG_WARN_DIRECT_OBJC_ISA_USAGE = YES_ERROR;
				CLANG_WARN_DOCUMENTATION_COMMENTS = YES;
				CLANG_WARN_EMPTY_BODY = YES;
				CLANG_WARN_ENUM_CONVERSION = YES;
				CLANG_WARN_INFINITE_RECURSION = YES;
				CLANG_WARN_INT_CONVERSION = YES;
				CLANG_WARN_NON_LITERAL_NULL_CONVERSION = YES;
				CLANG_WARN_OBJC_IMPLICIT_RETAIN_SELF = YES;
				CLANG_WARN_OBJC_LITERAL_CONVERSION = YES;
				CLANG_WARN_OBJC_ROOT_CLASS = YES_ERROR;
				CLANG_WARN_QUOTED_INCLUDE_IN_FRAMEWORK_HEADER = YES;
				CLANG_WARN_RANGE_LOOP_ANALYSIS = YES;
				CLANG_WARN_STRICT_PROTOTYPES = YES;
				CLANG_WARN_SUSPICIOUS_MOVE = YES;
				CLANG_WARN_UNGUARDED_AVAILABILITY = YES_AGGRESSIVE;
				CLANG_WARN_UNREACHABLE_CODE = YES;
				CLANG_WARN__DUPLICATE_METHOD_MATCH = YES;
				COPY_PHASE_STRIP = NO;
				DEBUG_INFORMATION_FORMAT = dwarf;
				ENABLE_STRICT_OBJC_MSGSEND = YES;
				ENABLE_TESTABILITY = YES;
				GCC_C_LANGUAGE_STANDARD = gnu11;
				GCC_DYNAMIC_NO_PIC = NO;
				GCC_NO_COMMON_BLOCKS = YES;
				GCC_OPTIMIZATION_LEVEL = 0;
				GCC_PREPROCESSOR_DEFINITIONS = (
					"DEBUG=1",
					"$(inherited)",
				);
				GCC_WARN_64_TO_32_BIT_CONVERSION = YES;
				GCC_WARN_ABOUT_RETURN_TYPE = YES_ERROR;
				GCC_WARN_UNDECLARED_SELECTOR = YES;
				GCC_WARN_UNINITIALIZED_AUTOS = YES_AGGRESSIVE;
				GCC_WARN_UNUSED_FUNCTION = YES;
				GCC_WARN_UNUSED_VARIABLE = YES;
				IPHONEOS_DEPLOYMENT_TARGET = 16.0;
				MTL_ENABLE_DEBUG_INFO = INCLUDE_SOURCE;
				MTL_FAST_MATH = YES;
				ONLY_ACTIVE_ARCH = YES;
				SDKROOT = iphoneos;
				SWIFT_ACTIVE_COMPILATION_CONDITIONS = DEBUG;
				SWIFT_OPTIMIZATION_LEVEL = "-Onone";
			};
			name = Debug;
		};
		F46C787C28FC1B3500D60BA7 /* Release */ = {
			isa = XCBuildConfiguration;
			buildSettings = {
				ALWAYS_SEARCH_USER_PATHS = NO;
				CLANG_ANALYZER_NONNULL = YES;
				CLANG_ANALYZER_NUMBER_OBJECT_CONVERSION = YES_AGGRESSIVE;
				CLANG_CXX_LANGUAGE_STANDARD = "gnu++20";
				CLANG_ENABLE_MODULES = YES;
				CLANG_ENABLE_OBJC_ARC = YES;
				CLANG_ENABLE_OBJC_WEAK = YES;
				CLANG_WARN_BLOCK_CAPTURE_AUTORELEASING = YES;
				CLANG_WARN_BOOL_CONVERSION = YES;
				CLANG_WARN_COMMA = YES;
				CLANG_WARN_CONSTANT_CONVERSION = YES;
				CLANG_WARN_DEPRECATED_OBJC_IMPLEMENTATIONS = YES;
				CLANG_WARN_DIRECT_OBJC_ISA_USAGE = YES_ERROR;
				CLANG_WARN_DOCUMENTATION_COMMENTS = YES;
				CLANG_WARN_EMPTY_BODY = YES;
				CLANG_WARN_ENUM_CONVERSION = YES;
				CLANG_WARN_INFINITE_RECURSION = YES;
				CLANG_WARN_INT_CONVERSION = YES;
				CLANG_WARN_NON_LITERAL_NULL_CONVERSION = YES;
				CLANG_WARN_OBJC_IMPLICIT_RETAIN_SELF = YES;
				CLANG_WARN_OBJC_LITERAL_CONVERSION = YES;
				CLANG_WARN_OBJC_ROOT_CLASS = YES_ERROR;
				CLANG_WARN_QUOTED_INCLUDE_IN_FRAMEWORK_HEADER = YES;
				CLANG_WARN_RANGE_LOOP_ANALYSIS = YES;
				CLANG_WARN_STRICT_PROTOTYPES = YES;
				CLANG_WARN_SUSPICIOUS_MOVE = YES;
				CLANG_WARN_UNGUARDED_AVAILABILITY = YES_AGGRESSIVE;
				CLANG_WARN_UNREACHABLE_CODE = YES;
				CLANG_WARN__DUPLICATE_METHOD_MATCH = YES;
				COPY_PHASE_STRIP = NO;
				DEBUG_INFORMATION_FORMAT = "dwarf-with-dsym";
				ENABLE_NS_ASSERTIONS = NO;
				ENABLE_STRICT_OBJC_MSGSEND = YES;
				GCC_C_LANGUAGE_STANDARD = gnu11;
				GCC_NO_COMMON_BLOCKS = YES;
				GCC_WARN_64_TO_32_BIT_CONVERSION = YES;
				GCC_WARN_ABOUT_RETURN_TYPE = YES_ERROR;
				GCC_WARN_UNDECLARED_SELECTOR = YES;
				GCC_WARN_UNINITIALIZED_AUTOS = YES_AGGRESSIVE;
				GCC_WARN_UNUSED_FUNCTION = YES;
				GCC_WARN_UNUSED_VARIABLE = YES;
				IPHONEOS_DEPLOYMENT_TARGET = 16.0;
				MTL_ENABLE_DEBUG_INFO = NO;
				MTL_FAST_MATH = YES;
				SDKROOT = iphoneos;
				SWIFT_COMPILATION_MODE = wholemodule;
				SWIFT_OPTIMIZATION_LEVEL = "-O";
				VALIDATE_PRODUCT = YES;
			};
			name = Release;
		};
		F46C787E28FC1B3500D60BA7 /* Debug */ = {
			isa = XCBuildConfiguration;
			buildSettings = {
				ASSETCATALOG_COMPILER_APPICON_NAME = AppIcon;
				ASSETCATALOG_COMPILER_GLOBAL_ACCENT_COLOR_NAME = AccentColor;
				CODE_SIGN_STYLE = Automatic;
				CURRENT_PROJECT_VERSION = 1;
				DEVELOPMENT_ASSET_PATHS = "\"Olivia Wilson/Preview Content\"";
				DEVELOPMENT_TEAM = X425X55S2R;
				ENABLE_PREVIEWS = YES;
				GENERATE_INFOPLIST_FILE = YES;
				INFOPLIST_KEY_CFBundleDisplayName = "Olivia Wilson";
				INFOPLIST_KEY_LSApplicationCategoryType = "public.app-category.shopping";
				INFOPLIST_KEY_UIApplicationSceneManifest_Generation = YES;
				INFOPLIST_KEY_UIApplicationSupportsIndirectInputEvents = YES;
				INFOPLIST_KEY_UILaunchScreen_Generation = YES;
				INFOPLIST_KEY_UISupportedInterfaceOrientations_iPad = "UIInterfaceOrientationPortrait UIInterfaceOrientationPortraitUpsideDown UIInterfaceOrientationLandscapeLeft UIInterfaceOrientationLandscapeRight";
				INFOPLIST_KEY_UISupportedInterfaceOrientations_iPhone = "UIInterfaceOrientationPortrait UIInterfaceOrientationLandscapeLeft UIInterfaceOrientationLandscapeRight";
				LD_RUNPATH_SEARCH_PATHS = (
					"$(inherited)",
					"@executable_path/Frameworks",
				);
				MARKETING_VERSION = 1.0;
				PRODUCT_BUNDLE_IDENTIFIER = "com.ataemirkaba.Olivia-Wilson";
				PRODUCT_NAME = "$(TARGET_NAME)";
				SUPPORTED_PLATFORMS = "iphoneos iphonesimulator";
				SUPPORTS_MACCATALYST = NO;
				SUPPORTS_MAC_DESIGNED_FOR_IPHONE_IPAD = YES;
				SWIFT_EMIT_LOC_STRINGS = YES;
				SWIFT_VERSION = 5.0;
				TARGETED_DEVICE_FAMILY = 1;
			};
			name = Debug;
		};
		F46C787F28FC1B3500D60BA7 /* Release */ = {
			isa = XCBuildConfiguration;
			buildSettings = {
				ASSETCATALOG_COMPILER_APPICON_NAME = AppIcon;
				ASSETCATALOG_COMPILER_GLOBAL_ACCENT_COLOR_NAME = AccentColor;
				CODE_SIGN_STYLE = Automatic;
				CURRENT_PROJECT_VERSION = 1;
				DEVELOPMENT_ASSET_PATHS = "\"Olivia Wilson/Preview Content\"";
				DEVELOPMENT_TEAM = X425X55S2R;
				ENABLE_PREVIEWS = YES;
				GENERATE_INFOPLIST_FILE = YES;
				INFOPLIST_KEY_CFBundleDisplayName = "Olivia Wilson";
				INFOPLIST_KEY_LSApplicationCategoryType = "public.app-category.shopping";
				INFOPLIST_KEY_UIApplicationSceneManifest_Generation = YES;
				INFOPLIST_KEY_UIApplicationSupportsIndirectInputEvents = YES;
				INFOPLIST_KEY_UILaunchScreen_Generation = YES;
				INFOPLIST_KEY_UISupportedInterfaceOrientations_iPad = "UIInterfaceOrientationPortrait UIInterfaceOrientationPortraitUpsideDown UIInterfaceOrientationLandscapeLeft UIInterfaceOrientationLandscapeRight";
				INFOPLIST_KEY_UISupportedInterfaceOrientations_iPhone = "UIInterfaceOrientationPortrait UIInterfaceOrientationLandscapeLeft UIInterfaceOrientationLandscapeRight";
				LD_RUNPATH_SEARCH_PATHS = (
					"$(inherited)",
					"@executable_path/Frameworks",
				);
				MARKETING_VERSION = 1.0;
				PRODUCT_BUNDLE_IDENTIFIER = "com.ataemirkaba.Olivia-Wilson";
				PRODUCT_NAME = "$(TARGET_NAME)";
				SUPPORTED_PLATFORMS = "iphoneos iphonesimulator";
				SUPPORTS_MACCATALYST = NO;
				SUPPORTS_MAC_DESIGNED_FOR_IPHONE_IPAD = YES;
				SWIFT_EMIT_LOC_STRINGS = YES;
				SWIFT_VERSION = 5.0;
				TARGETED_DEVICE_FAMILY = 1;
			};
			name = Release;
		};
/* End XCBuildConfiguration section */

/* Begin XCConfigurationList section */
		F46C786A28FC1B3400D60BA7 /* Build configuration list for PBXProject "Olivia Wilson" */ = {
			isa = XCConfigurationList;
			buildConfigurations = (
				F46C787B28FC1B3500D60BA7 /* Debug */,
				F46C787C28FC1B3500D60BA7 /* Release */,
			);
			defaultConfigurationIsVisible = 0;
			defaultConfigurationName = Release;
		};
		F46C787D28FC1B3500D60BA7 /* Build configuration list for PBXNativeTarget "Olivia Wilson" */ = {
			isa = XCConfigurationList;
			buildConfigurations = (
				F46C787E28FC1B3500D60BA7 /* Debug */,
				F46C787F28FC1B3500D60BA7 /* Release */,
			);
			defaultConfigurationIsVisible = 0;
			defaultConfigurationName = Release;
		};
/* End XCConfigurationList section */
	};
	rootObject = F46C786728FC1B3400D60BA7 /* Project object */;
}
